
Microsoft Visual Studio Solution File, Format Version 12.00
# Visual Studio Version 16
VisualStudioVersion = 16.0.28803.916
MinimumVisualStudioVersion = 10.0.40219.1
Project("{FAE04EC0-301F-11D3-BF4B-00C04F79EFBC}") = "Atividade 3", "Atividade 3\Atividade 3.csproj", "{F9BE4ECA-A4DC-4BB2-A186-004D402F405C}"
EndProject
Global
	GlobalSection(SolutionConfigurationPlatforms) = preSolution
		Debug|Any CPU = Debug|Any CPU
		Release|Any CPU = Release|Any CPU
	EndGlobalSection
	GlobalSection(ProjectConfigurationPlatforms) = postSolution
		{F9BE4ECA-A4DC-4BB2-A186-004D402F405C}.Debug|Any CPU.ActiveCfg = Debug|Any CPU
		{F9BE4ECA-A4DC-4BB2-A186-004D402F405C}.Debug|Any CPU.Build.0 = Debug|Any CPU
		{F9BE4ECA-A4DC-4BB2-A186-004D402F405C}.Release|Any CPU.ActiveCfg = Release|Any CPU
		{F9BE4ECA-A4DC-4BB2-A186-004D402F405C}.Release|Any CPU.Build.0 = Release|Any CPU
	EndGlobalSection
	GlobalSection(SolutionProperties) = preSolution
		HideSolutionNode = FALSE
	EndGlobalSection
	GlobalSection(ExtensibilityGlobals) = postSolution
		SolutionGuid = {1E3C6253-0FBA-4CCE-BCE2-A0A499C19BEA}
	EndGlobalSection
EndGlobal
